
Microsoft Visual Studio Solution File, Format Version 12.00
# Visual Studio 15
VisualStudioVersion = 15.0.26730.3
MinimumVisualStudioVersion = 10.0.40219.1
Project("{9A19103F-16F7-4668-BE54-9A1E7A4F7556}") = "VacationSolution.Web", "VacationSolution.Web\VacationSolution.Web.csproj", "{B9BA37B2-1B62-4DD1-9733-9B8CCEA152B6}"
EndProject
Project("{9A19103F-16F7-4668-BE54-9A1E7A4F7556}") = "SecurityServer", "SecurityServer\SecurityServer.csproj", "{12CFA80F-58A4-4BFE-8A79-CCB2875B04DA}"
EndProject
Project("{E53339B2-1760-4266-BCC7-CA923CBCF16C}") = "docker-compose", "docker-compose.dcproj", "{03FDBDF9-EDC8-4A63-8FC5-DA013F3EAD38}"
EndProject
Global
	GlobalSection(SolutionConfigurationPlatforms) = preSolution
		Debug|Any CPU = Debug|Any CPU
		Release|Any CPU = Release|Any CPU
	EndGlobalSection
	GlobalSection(ProjectConfigurationPlatforms) = postSolution
		{B9BA37B2-1B62-4DD1-9733-9B8CCEA152B6}.Debug|Any CPU.ActiveCfg = Debug|Any CPU
		{B9BA37B2-1B62-4DD1-9733-9B8CCEA152B6}.Debug|Any CPU.Build.0 = Debug|Any CPU
		{B9BA37B2-1B62-4DD1-9733-9B8CCEA152B6}.Release|Any CPU.ActiveCfg = Release|Any CPU
		{B9BA37B2-1B62-4DD1-9733-9B8CCEA152B6}.Release|Any CPU.Build.0 = Release|Any CPU
		{12CFA80F-58A4-4BFE-8A79-CCB2875B04DA}.Debug|Any CPU.ActiveCfg = Debug|Any CPU
		{12CFA80F-58A4-4BFE-8A79-CCB2875B04DA}.Debug|Any CPU.Build.0 = Debug|Any CPU
		{12CFA80F-58A4-4BFE-8A79-CCB2875B04DA}.Release|Any CPU.ActiveCfg = Release|Any CPU
		{12CFA80F-58A4-4BFE-8A79-CCB2875B04DA}.Release|Any CPU.Build.0 = Release|Any CPU
		{03FDBDF9-EDC8-4A63-8FC5-DA013F3EAD38}.Debug|Any CPU.ActiveCfg = Debug|Any CPU
		{03FDBDF9-EDC8-4A63-8FC5-DA013F3EAD38}.Debug|Any CPU.Build.0 = Debug|Any CPU
		{03FDBDF9-EDC8-4A63-8FC5-DA013F3EAD38}.Release|Any CPU.ActiveCfg = Release|Any CPU
		{03FDBDF9-EDC8-4A63-8FC5-DA013F3EAD38}.Release|Any CPU.Build.0 = Release|Any CPU
	EndGlobalSection
	GlobalSection(SolutionProperties) = preSolution
		HideSolutionNode = FALSE
	EndGlobalSection
	GlobalSection(ExtensibilityGlobals) = postSolution
		SolutionGuid = {6FFDDF12-3A7B-48EC-805F-9B703603F994}
	EndGlobalSection
EndGlobal
